// !$*UTF8*$!
{
	archiveVersion = 1;
	classes = {
	};
	objectVersion = 46;
	objects = {

/* Begin PBXBuildFile section */
		C3C8C81E1B49AD70002BFEDB /* main.m in Sources */ = {isa = PBXBuildFile; fileRef = C3C8C81D1B49AD70002BFEDB /* main.m */; };
		C3C8C8211B49AD70002BFEDB /* AppDelegate.m in Sources */ = {isa = PBXBuildFile; fileRef = C3C8C8201B49AD70002BFEDB /* AppDelegate.m */; };
		C3C8C8241B49AD70002BFEDB /* ViewController.m in Sources */ = {isa = PBXBuildFile; fileRef = C3C8C8231B49AD70002BFEDB /* ViewController.m */; };
		C3C8C8271B49AD70002BFEDB /* Main.storyboard in Resources */ = {isa = PBXBuildFile; fileRef = C3C8C8251B49AD70002BFEDB /* Main.storyboard */; };
		C3C8C8291B49AD70002BFEDB /* Images.xcassets in Resources */ = {isa = PBXBuildFile; fileRef = C3C8C8281B49AD70002BFEDB /* Images.xcassets */; };
		C3C8C82C1B49AD70002BFEDB /* LaunchScreen.xib in Resources */ = {isa = PBXBuildFile; fileRef = C3C8C82A1B49AD70002BFEDB /* LaunchScreen.xib */; };
		C3C8C8381B49AD70002BFEDB /* LawyerV2Tests.m in Sources */ = {isa = PBXBuildFile; fileRef = C3C8C8371B49AD70002BFEDB /* LawyerV2Tests.m */; };
		C3C8C8431B49B575002BFEDB /* SecondViewController.m in Sources */ = {isa = PBXBuildFile; fileRef = C3C8C8421B49B575002BFEDB /* SecondViewController.m */; };
/* End PBXBuildFile section */

/* Begin PBXContainerItemProxy section */
		C3C8C8321B49AD70002BFEDB /* PBXContainerItemProxy */ = {
			isa = PBXContainerItemProxy;
			containerPortal = C3C8C8101B49AD6F002BFEDB /* Project object */;
			proxyType = 1;
			remoteGlobalIDString = C3C8C8171B49AD70002BFEDB;
			remoteInfo = LawyerV2;
		};
/* End PBXContainerItemProxy section */

/* Begin PBXFileReference section */
		C3C8C8181B49AD70002BFEDB /* LawyerV2.app */ = {isa = PBXFileReference; explicitFileType = wrapper.application; includeInIndex = 0; path = LawyerV2.app; sourceTree = BUILT_PRODUCTS_DIR; };
		C3C8C81C1B49AD70002BFEDB /* Info.plist */ = {isa = PBXFileReference; lastKnownFileType = text.plist.xml; path = Info.plist; sourceTree = "<group>"; };
		C3C8C81D1B49AD70002BFEDB /* main.m */ = {isa = PBXFileReference; lastKnownFileType = sourcecode.c.objc; path = main.m; sourceTree = "<group>"; };
		C3C8C81F1B49AD70002BFEDB /* AppDelegate.h */ = {isa = PBXFileReference; lastKnownFileType = sourcecode.c.h; path = AppDelegate.h; sourceTree = "<group>"; };
		C3C8C8201B49AD70002BFEDB /* AppDelegate.m */ = {isa = PBXFileReference; lastKnownFileType = sourcecode.c.objc; path = AppDelegate.m; sourceTree = "<group>"; };
		C3C8C8221B49AD70002BFEDB /* ViewController.h */ = {isa = PBXFileReference; lastKnownFileType = sourcecode.c.h; path = ViewController.h; sourceTree = "<group>"; };
		C3C8C8231B49AD70002BFEDB /* ViewController.m */ = {isa = PBXFileReference; lastKnownFileType = sourcecode.c.objc; path = ViewController.m; sourceTree = "<group>"; };
		C3C8C8261B49AD70002BFEDB /* Base */ = {isa = PBXFileReference; lastKnownFileType = file.storyboard; name = Base; path = Base.lproj/Main.storyboard; sourceTree = "<group>"; };
		C3C8C8281B49AD70002BFEDB /* Images.xcassets */ = {isa = PBXFileReference; lastKnownFileType = folder.assetcatalog; path = Images.xcassets; sourceTree = "<group>"; };
		C3C8C82B1B49AD70002BFEDB /* Base */ = {isa = PBXFileReference; lastKnownFileType = file.xib; name = Base; path = Base.lproj/LaunchScreen.xib; sourceTree = "<group>"; };
		C3C8C8311B49AD70002BFEDB /* LawyerV2Tests.xctest */ = {isa = PBXFileReference; explicitFileType = wrapper.cfbundle; includeInIndex = 0; path = LawyerV2Tests.xctest; sourceTree = BUILT_PRODUCTS_DIR; };
		C3C8C8361B49AD70002BFEDB /* Info.plist */ = {isa = PBXFileReference; lastKnownFileType = text.plist.xml; path = Info.plist; sourceTree = "<group>"; };
		C3C8C8371B49AD70002BFEDB /* LawyerV2Tests.m */ = {isa = PBXFileReference; lastKnownFileType = sourcecode.c.objc; path = LawyerV2Tests.m; sourceTree = "<group>"; };
		C3C8C8411B49B575002BFEDB /* SecondViewController.h */ = {isa = PBXFileReference; fileEncoding = 4; lastKnownFileType = sourcecode.c.h; path = SecondViewController.h; sourceTree = "<group>"; };
		C3C8C8421B49B575002BFEDB /* SecondViewController.m */ = {isa = PBXFileReference; fileEncoding = 4; lastKnownFileType = sourcecode.c.objc; path = SecondViewController.m; sourceTree = "<group>"; };
/* End PBXFileReference section */

/* Begin PBXFrameworksBuildPhase section */
		C3C8C8151B49AD70002BFEDB /* Frameworks */ = {
			isa = PBXFrameworksBuildPhase;
			buildActionMask = 2147483647;
			files = (
			);
			runOnlyForDeploymentPostprocessing = 0;
		};
		C3C8C82E1B49AD70002BFEDB /* Frameworks */ = {
			isa = PBXFrameworksBuildPhase;
			buildActionMask = 2147483647;
			files = (
			);
			runOnlyForDeploymentPostprocessing = 0;
		};
/* End PBXFrameworksBuildPhase section */

/* Begin PBXGroup section */
		C3C8C80F1B49AD6F002BFEDB = {
			isa = PBXGroup;
			children = (
				C3C8C81A1B49AD70002BFEDB /* LawyerV2 */,
				C3C8C8341B49AD70002BFEDB /* LawyerV2Tests */,
				C3C8C8191B49AD70002BFEDB /* Products */,
			);
			sourceTree = "<group>";
		};
		C3C8C8191B49AD70002BFEDB /* Products */ = {
			isa = PBXGroup;
			children = (
				C3C8C8181B49AD70002BFEDB /* LawyerV2.app */,
				C3C8C8311B49AD70002BFEDB /* LawyerV2Tests.xctest */,
			);
			name = Products;
			sourceTree = "<group>";
		};
		C3C8C81A1B49AD70002BFEDB /* LawyerV2 */ = {
			isa = PBXGroup;
			children = (
				C3C8C81F1B49AD70002BFEDB /* AppDelegate.h */,
				C3C8C8201B49AD70002BFEDB /* AppDelegate.m */,
				C3C8C8221B49AD70002BFEDB /* ViewController.h */,
				C3C8C8231B49AD70002BFEDB /* ViewController.m */,
				C3C8C8251B49AD70002BFEDB /* Main.storyboard */,
				C3C8C8411B49B575002BFEDB /* SecondViewController.h */,
				C3C8C8421B49B575002BFEDB /* SecondViewController.m */,
				C3C8C8281B49AD70002BFEDB /* Images.xcassets */,
				C3C8C82A1B49AD70002BFEDB /* LaunchScreen.xib */,
				C3C8C81B1B49AD70002BFEDB /* Supporting Files */,
			);
			path = LawyerV2;
			sourceTree = "<group>";
		};
		C3C8C81B1B49AD70002BFEDB /* Supporting Files */ = {
			isa = PBXGroup;
			children = (
				C3C8C81C1B49AD70002BFEDB /* Info.plist */,
				C3C8C81D1B49AD70002BFEDB /* main.m */,
			);
			name = "Supporting Files";
			sourceTree = "<group>";
		};
		C3C8C8341B49AD70002BFEDB /* LawyerV2Tests */ = {
			isa = PBXGroup;
			children = (
				C3C8C8371B49AD70002BFEDB /* LawyerV2Tests.m */,
				C3C8C8351B49AD70002BFEDB /* Supporting Files */,
			);
			path = LawyerV2Tests;
			sourceTree = "<group>";
		};
		C3C8C8351B49AD70002BFEDB /* Supporting Files */ = {
			isa = PBXGroup;
			children = (
				C3C8C8361B49AD70002BFEDB /* Info.plist */,
			);
			name = "Supporting Files";
			sourceTree = "<group>";
		};
/* End PBXGroup section */

/* Begin PBXNativeTarget section */
		C3C8C8171B49AD70002BFEDB /* LawyerV2 */ = {
			isa = PBXNativeTarget;
			buildConfigurationList = C3C8C83B1B49AD70002BFEDB /* Build configuration list for PBXNativeTarget "LawyerV2" */;
			buildPhases = (
				C3C8C8141B49AD70002BFEDB /* Sources */,
				C3C8C8151B49AD70002BFEDB /* Frameworks */,
				C3C8C8161B49AD70002BFEDB /* Resources */,
			);
			buildRules = (
			);
			dependencies = (
			);
			name = LawyerV2;
			productName = LawyerV2;
			productReference = C3C8C8181B49AD70002BFEDB /* LawyerV2.app */;
			productType = "com.apple.product-type.application";
		};
		C3C8C8301B49AD70002BFEDB /* LawyerV2Tests */ = {
			isa = PBXNativeTarget;
			buildConfigurationList = C3C8C83E1B49AD70002BFEDB /* Build configuration list for PBXNativeTarget "LawyerV2Tests" */;
			buildPhases = (
				C3C8C82D1B49AD70002BFEDB /* Sources */,
				C3C8C82E1B49AD70002BFEDB /* Frameworks */,
				C3C8C82F1B49AD70002BFEDB /* Resources */,
			);
			buildRules = (
			);
			dependencies = (
				C3C8C8331B49AD70002BFEDB /* PBXTargetDependency */,
			);
			name = LawyerV2Tests;
			productName = LawyerV2Tests;
			productReference = C3C8C8311B49AD70002BFEDB /* LawyerV2Tests.xctest */;
			productType = "com.apple.product-type.bundle.unit-test";
		};
/* End PBXNativeTarget section */

/* Begin PBXProject section */
		C3C8C8101B49AD6F002BFEDB /* Project object */ = {
			isa = PBXProject;
			attributes = {
				LastUpgradeCheck = 0630;
				ORGANIZATIONNAME = Student;
				TargetAttributes = {
					C3C8C8171B49AD70002BFEDB = {
						CreatedOnToolsVersion = 6.3.2;
					};
					C3C8C8301B49AD70002BFEDB = {
						CreatedOnToolsVersion = 6.3.2;
						TestTargetID = C3C8C8171B49AD70002BFEDB;
					};
				};
			};
			buildConfigurationList = C3C8C8131B49AD6F002BFEDB /* Build configuration list for PBXProject "LawyerV2" */;
			compatibilityVersion = "Xcode 3.2";
			developmentRegion = English;
			hasScannedForEncodings = 0;
			knownRegions = (
				en,
				Base,
			);
			mainGroup = C3C8C80F1B49AD6F002BFEDB;
			productRefGroup = C3C8C8191B49AD70002BFEDB /* Products */;
			projectDirPath = "";
			projectRoot = "";
			targets = (
				C3C8C8171B49AD70002BFEDB /* LawyerV2 */,
				C3C8C8301B49AD70002BFEDB /* LawyerV2Tests */,
			);
		};
/* End PBXProject section */

/* Begin PBXResourcesBuildPhase section */
		C3C8C8161B49AD70002BFEDB /* Resources */ = {
			isa = PBXResourcesBuildPhase;
			buildActionMask = 2147483647;
			files = (
				C3C8C8271B49AD70002BFEDB /* Main.storyboard in Resources */,
				C3C8C82C1B49AD70002BFEDB /* LaunchScreen.xib in Resources */,
				C3C8C8291B49AD70002BFEDB /* Images.xcassets in Resources */,
			);
			runOnlyForDeploymentPostprocessing = 0;
		};
		C3C8C82F1B49AD70002BFEDB /* Resources */ = {
			isa = PBXResourcesBuildPhase;
			buildActionMask = 2147483647;
			files = (
			);
			runOnlyForDeploymentPostprocessing = 0;
		};
/* End PBXResourcesBuildPhase section */

/* Begin PBXSourcesBuildPhase section */
		C3C8C8141B49AD70002BFEDB /* Sources */ = {
			isa = PBXSourcesBuildPhase;
			buildActionMask = 2147483647;
			files = (
				C3C8C8431B49B575002BFEDB /* SecondViewController.m in Sources */,
				C3C8C8241B49AD70002BFEDB /* ViewController.m in Sources */,
				C3C8C8211B49AD70002BFEDB /* AppDelegate.m in Sources */,
				C3C8C81E1B49AD70002BFEDB /* main.m in Sources */,
			);
			runOnlyForDeploymentPostprocessing = 0;
		};
		C3C8C82D1B49AD70002BFEDB /* Sources */ = {
			isa = PBXSourcesBuildPhase;
			buildActionMask = 2147483647;
			files = (
				C3C8C8381B49AD70002BFEDB /* LawyerV2Tests.m in Sources */,
			);
			runOnlyForDeploymentPostprocessing = 0;
		};
/* End PBXSourcesBuildPhase section */

/* Begin PBXTargetDependency section */
		C3C8C8331B49AD70002BFEDB /* PBXTargetDependency */ = {
			isa = PBXTargetDependency;
			target = C3C8C8171B49AD70002BFEDB /* LawyerV2 */;
			targetProxy = C3C8C8321B49AD70002BFEDB /* PBXContainerItemProxy */;
		};
/* End PBXTargetDependency section */

/* Begin PBXVariantGroup section */
		C3C8C8251B49AD70002BFEDB /* Main.storyboard */ = {
			isa = PBXVariantGroup;
			children = (
				C3C8C8261B49AD70002BFEDB /* Base */,
			);
			name = Main.storyboard;
			sourceTree = "<group>";
		};
		C3C8C82A1B49AD70002BFEDB /* LaunchScreen.xib */ = {
			isa = PBXVariantGroup;
			children = (
				C3C8C82B1B49AD70002BFEDB /* Base */,
			);
			name = LaunchScreen.xib;
			sourceTree = "<group>";
		};
/* End PBXVariantGroup section */

/* Begin XCBuildConfiguration section */
		C3C8C8391B49AD70002BFEDB /* Debug */ = {
			isa = XCBuildConfiguration;
			buildSettings = {
				ALWAYS_SEARCH_USER_PATHS = NO;
				CLANG_CXX_LANGUAGE_STANDARD = "gnu++0x";
				CLANG_CXX_LIBRARY = "libc++";
				CLANG_ENABLE_MODULES = YES;
				CLANG_ENABLE_OBJC_ARC = YES;
				CLANG_WARN_BOOL_CONVERSION = YES;
				CLANG_WARN_CONSTANT_CONVERSION = YES;
				CLANG_WARN_DIRECT_OBJC_ISA_USAGE = YES_ERROR;
				CLANG_WARN_EMPTY_BODY = YES;
				CLANG_WARN_ENUM_CONVERSION = YES;
				CLANG_WARN_INT_CONVERSION = YES;
				CLANG_WARN_OBJC_ROOT_CLASS = YES_ERROR;
				CLANG_WARN_UNREACHABLE_CODE = YES;
				CLANG_WARN__DUPLICATE_METHOD_MATCH = YES;
				"CODE_SIGN_IDENTITY[sdk=iphoneos*]" = "iPhone Developer";
				COPY_PHASE_STRIP = NO;
				DEBUG_INFORMATION_FORMAT = "dwarf-with-dsym";
				ENABLE_STRICT_OBJC_MSGSEND = YES;
				GCC_C_LANGUAGE_STANDARD = gnu99;
				GCC_DYNAMIC_NO_PIC = NO;
				GCC_NO_COMMON_BLOCKS = YES;
				GCC_OPTIMIZATION_LEVEL = 0;
				GCC_PREPROCESSOR_DEFINITIONS = (
					"DEBUG=1",
					"$(inherited)",
				);
				GCC_SYMBOLS_PRIVATE_EXTERN = NO;
				GCC_WARN_64_TO_32_BIT_CONVERSION = YES;
				GCC_WARN_ABOUT_RETURN_TYPE = YES_ERROR;
				GCC_WARN_UNDECLARED_SELECTOR = YES;
				GCC_WARN_UNINITIALIZED_AUTOS = YES_AGGRESSIVE;
				GCC_WARN_UNUSED_FUNCTION = YES;
				GCC_WARN_UNUSED_VARIABLE = YES;
				IPHONEOS_DEPLOYMENT_TARGET = 8.3;
				MTL_ENABLE_DEBUG_INFO = YES;
				ONLY_ACTIVE_ARCH = YES;
				SDKROOT = iphoneos;
			};
			name = Debug;
		};
		C3C8C83A1B49AD70002BFEDB /* Release */ = {
			isa = XCBuildConfiguration;
			buildSettings = {
				ALWAYS_SEARCH_USER_PATHS = NO;
				CLANG_CXX_LANGUAGE_STANDARD = "gnu++0x";
				CLANG_CXX_LIBRARY = "libc++";
				CLANG_ENABLE_MODULES = YES;
				CLANG_ENABLE_OBJC_ARC = YES;
				CLANG_WARN_BOOL_CONVERSION = YES;
				CLANG_WARN_CONSTANT_CONVERSION = YES;
				CLANG_WARN_DIRECT_OBJC_ISA_USAGE = YES_ERROR;
				CLANG_WARN_EMPTY_BODY = YES;
				CLANG_WARN_ENUM_CONVERSION = YES;
				CLANG_WARN_INT_CONVERSION = YES;
				CLANG_WARN_OBJC_ROOT_CLASS = YES_ERROR;
				CLANG_WARN_UNREACHABLE_CODE = YES;
				CLANG_WARN__DUPLICATE_METHOD_MATCH = YES;
				"CODE_SIGN_IDENTITY[sdk=iphoneos*]" = "iPhone Developer";
				COPY_PHASE_STRIP = NO;
				DEBUG_INFORMATION_FORMAT = "dwarf-with-dsym";
				ENABLE_NS_ASSERTIONS = NO;
				ENABLE_STRICT_OBJC_MSGSEND = YES;
				GCC_C_LANGUAGE_STANDARD = gnu99;
				GCC_NO_COMMON_BLOCKS = YES;
				GCC_WARN_64_TO_32_BIT_CONVERSION = YES;
				GCC_WARN_ABOUT_RETURN_TYPE = YES_ERROR;
				GCC_WARN_UNDECLARED_SELECTOR = YES;
				GCC_WARN_UNINITIALIZED_AUTOS = YES_AGGRESSIVE;
				GCC_WARN_UNUSED_FUNCTION = YES;
				GCC_WARN_UNUSED_VARIABLE = YES;
				IPHONEOS_DEPLOYMENT_TARGET = 8.3;
				MTL_ENABLE_DEBUG_INFO = NO;
				SDKROOT = iphoneos;
				VALIDATE_PRODUCT = YES;
			};
			name = Release;
		};
		C3C8C83C1B49AD70002BFEDB /* Debug */ = {
			isa = XCBuildConfiguration;
			buildSettings = {
				ASSETCATALOG_COMPILER_APPICON_NAME = AppIcon;
				INFOPLIST_FILE = LawyerV2/Info.plist;
				LD_RUNPATH_SEARCH_PATHS = "$(inherited) @executable_path/Frameworks";
				PRODUCT_NAME = "$(TARGET_NAME)";
			};
			name = Debug;
		};
		C3C8C83D1B49AD70002BFEDB /* Release */ = {
			isa = XCBuildConfiguration;
			buildSettings = {
				ASSETCATALOG_COMPILER_APPICON_NAME = AppIcon;
				INFOPLIST_FILE = LawyerV2/Info.plist;
				LD_RUNPATH_SEARCH_PATHS = "$(inherited) @executable_path/Frameworks";
				PRODUCT_NAME = "$(TARGET_NAME)";
			};
			name = Release;
		};
		C3C8C83F1B49AD70002BFEDB /* Debug */ = {
			isa = XCBuildConfiguration;
			buildSettings = {
				BUNDLE_LOADER = "$(TEST_HOST)";
				FRAMEWORK_SEARCH_PATHS = (
					"$(SDKROOT)/Developer/Library/Frameworks",
					"$(inherited)",
				);
				GCC_PREPROCESSOR_DEFINITIONS = (
					"DEBUG=1",
					"$(inherited)",
				);
				INFOPLIST_FILE = LawyerV2Tests/Info.plist;
				LD_RUNPATH_SEARCH_PATHS = "$(inherited) @executable_path/Frameworks @loader_path/Frameworks";
				PRODUCT_NAME = "$(TARGET_NAME)";
				TEST_HOST = "$(BUILT_PRODUCTS_DIR)/LawyerV2.app/LawyerV2";
			};
			name = Debug;
		};
		C3C8C8401B49AD70002BFEDB /* Release */ = {
			isa = XCBuildConfiguration;
			buildSettings = {
				BUNDLE_LOADER = "$(TEST_HOST)";
				FRAMEWORK_SEARCH_PATHS = (
					"$(SDKROOT)/Developer/Library/Frameworks",
					"$(inherited)",
				);
				INFOPLIST_FILE = LawyerV2Tests/Info.plist;
				LD_RUNPATH_SEARCH_PATHS = "$(inherited) @executable_path/Frameworks @loader_path/Frameworks";
				PRODUCT_NAME = "$(TARGET_NAME)";
				TEST_HOST = "$(BUILT_PRODUCTS_DIR)/LawyerV2.app/LawyerV2";
			};
			name = Release;
		};
/* End XCBuildConfiguration section */

/* Begin XCConfigurationList section */
		C3C8C8131B49AD6F002BFEDB /* Build configuration list for PBXProject "LawyerV2" */ = {
			isa = XCConfigurationList;
			buildConfigurations = (
				C3C8C8391B49AD70002BFEDB /* Debug */,
				C3C8C83A1B49AD70002BFEDB /* Release */,
			);
			defaultConfigurationIsVisible = 0;
			defaultConfigurationName = Release;
		};
		C3C8C83B1B49AD70002BFEDB /* Build configuration list for PBXNativeTarget "LawyerV2" */ = {
			isa = XCConfigurationList;
			buildConfigurations = (
				C3C8C83C1B49AD70002BFEDB /* Debug */,
				C3C8C83D1B49AD70002BFEDB /* Release */,
			);
			defaultConfigurationIsVisible = 0;
		};
		C3C8C83E1B49AD70002BFEDB /* Build configuration list for PBXNativeTarget "LawyerV2Tests" */ = {
			isa = XCConfigurationList;
			buildConfigurations = (
				C3C8C83F1B49AD70002BFEDB /* Debug */,
				C3C8C8401B49AD70002BFEDB /* Release */,
			);
			defaultConfigurationIsVisible = 0;
		};
/* End XCConfigurationList section */
	};
	rootObject = C3C8C8101B49AD6F002BFEDB /* Project object */;
}
